{
  "name": "@bitburner-monorepo/ws-stats-server",
  "lockfileVersion": 2,
  "requires": true,
  "packages": {
    "": {
      "name": "@bitburner-monorepo/ws-stats-server",
      "dependencies": {
        "ws": "^8.4.0"
      },
      "devDependencies": {
        "@types/ws": "^8.2.2"
      }
    },
    "node_modules/@types/node": {
      "version": "17.0.8",
      "resolved": "https://registry.npmjs.org/@types/node/-/node-17.0.8.tgz",
      "integrity": "sha512-YofkM6fGv4gDJq78g4j0mMuGMkZVxZDgtU0JRdx6FgiJDG+0fY0GKVolOV8WqVmEhLCXkQRjwDdKyPxJp/uucg==",
      "dev": true
    },
    "node_modules/@types/ws": {
      "version": "8.2.2",
      "resolved": "https://registry.npmjs.org/@types/ws/-/ws-8.2.2.tgz",
      "integrity": "sha512-NOn5eIcgWLOo6qW8AcuLZ7G8PycXu0xTxxkS6Q18VWFxgPUSOwV0pBj2a/4viNZVu25i7RIB7GttdkAIUUXOOg==",
      "dev": true,
      "dependencies": {
        "@types/node": "*"
      }
    },
    "node_modules/ws": {
      "version": "8.4.0",
      "resolved": "https://registry.npmjs.org/ws/-/ws-8.4.0.tgz",
      "integrity": "sha512-IHVsKe2pjajSUIl4KYMQOdlyliovpEPquKkqbwswulszzI7r0SfQrxnXdWAEqOlDCLrVSJzo+O1hAwdog2sKSQ==",
      "engines": {
        "node": ">=10.0.0"
      },
      "peerDependencies": {
        "bufferutil": "^4.0.1",
        "utf-8-validate": "^5.0.2"
      },
      "peerDependenciesMeta": {
        "bufferutil": {
          "optional": true
        },
        "utf-8-validate": {
          "optional": true
        }
      }
    }
  },
  "dependencies": {
    "@types/node": {
      "version": "17.0.8",
      "resolved": "https://registry.npmjs.org/@types/node/-/node-17.0.8.tgz",
      "integrity": "sha512-YofkM6fGv4gDJq78g4j0mMuGMkZVxZDgtU0JRdx6FgiJDG+0fY0GKVolOV8WqVmEhLCXkQRjwDdKyPxJp/uucg==",
      "dev": true
    },
    "@types/ws": {
      "version": "8.2.2",
      "resolved": "https://registry.npmjs.org/@types/ws/-/ws-8.2.2.tgz",
      "integrity": "sha512-NOn5eIcgWLOo6qW8AcuLZ7G8PycXu0xTxxkS6Q18VWFxgPUSOwV0pBj2a/4viNZVu25i7RIB7GttdkAIUUXOOg==",
      "dev": true,
      "requires": {
        "@types/node": "*"
      }
    },
    "ws": {
      "version": "8.4.0",
      "resolved": "https://registry.npmjs.org/ws/-/ws-8.4.0.tgz",
      "integrity": "sha512-IHVsKe2pjajSUIl4KYMQOdlyliovpEPquKkqbwswulszzI7r0SfQrxnXdWAEqOlDCLrVSJzo+O1hAwdog2sKSQ==",
      "requires": {}
    }
  }
}
